
Microsoft Visual Studio Solution File, Format Version 12.00
# Visual Studio Version 16
VisualStudioVersion = 16.0.29215.179
MinimumVisualStudioVersion = 10.0.40219.1
Project("{FAE04EC0-301F-11D3-BF4B-00C04F79EFBC}") = "StackCS", "StackCS\StackCS.csproj", "{B1F00074-790E-45EE-9244-405A2E15A275}"
EndProject
Global
	GlobalSection(SolutionConfigurationPlatforms) = preSolution
		Debug|Any CPU = Debug|Any CPU
		Release|Any CPU = Release|Any CPU
	EndGlobalSection
	GlobalSection(ProjectConfigurationPlatforms) = postSolution
		{B1F00074-790E-45EE-9244-405A2E15A275}.Debug|Any CPU.ActiveCfg = Debug|Any CPU
		{B1F00074-790E-45EE-9244-405A2E15A275}.Debug|Any CPU.Build.0 = Debug|Any CPU
		{B1F00074-790E-45EE-9244-405A2E15A275}.Release|Any CPU.ActiveCfg = Release|Any CPU
		{B1F00074-790E-45EE-9244-405A2E15A275}.Release|Any CPU.Build.0 = Release|Any CPU
	EndGlobalSection
	GlobalSection(SolutionProperties) = preSolution
		HideSolutionNode = FALSE
	EndGlobalSection
	GlobalSection(ExtensibilityGlobals) = postSolution
		SolutionGuid = {846452E1-65AF-4069-9C9B-D1E28B2BCC90}
	EndGlobalSection
EndGlobal
